
Microsoft Visual Studio Solution File, Format Version 12.00
# Visual Studio Version 16
VisualStudioVersion = 16.0.31624.102
MinimumVisualStudioVersion = 10.0.40219.1
Project("{FAE04EC0-301F-11D3-BF4B-00C04F79EFBC}") = "WpfAppLesson8", "WpfAppLesson8\WpfAppLesson8.csproj", "{7DBEF3A7-4A2B-4FFD-98A9-FC2D1294937D}"
EndProject
Global
	GlobalSection(SolutionConfigurationPlatforms) = preSolution
		Debug|Any CPU = Debug|Any CPU
		Release|Any CPU = Release|Any CPU
	EndGlobalSection
	GlobalSection(ProjectConfigurationPlatforms) = postSolution
		{7DBEF3A7-4A2B-4FFD-98A9-FC2D1294937D}.Debug|Any CPU.ActiveCfg = Debug|Any CPU
		{7DBEF3A7-4A2B-4FFD-98A9-FC2D1294937D}.Debug|Any CPU.Build.0 = Debug|Any CPU
		{7DBEF3A7-4A2B-4FFD-98A9-FC2D1294937D}.Release|Any CPU.ActiveCfg = Release|Any CPU
		{7DBEF3A7-4A2B-4FFD-98A9-FC2D1294937D}.Release|Any CPU.Build.0 = Release|Any CPU
	EndGlobalSection
	GlobalSection(SolutionProperties) = preSolution
		HideSolutionNode = FALSE
	EndGlobalSection
	GlobalSection(ExtensibilityGlobals) = postSolution
		SolutionGuid = {DBFDA0DD-33A3-469B-BD4D-70B00D45C3A4}
	EndGlobalSection
EndGlobal
